{
  "nodes": {
    "betterfox": {
      "inputs": {
        "nixpkgs": [
          "nixpkgs"
        ]
      },
      "locked": {
        "lastModified": 1728600064,
        "narHash": "sha256-2dYmf7Jnx7kNzY1jx5Kznh/sVmp4PtVExwl/ukuEvKE=",
        "owner": "HeitorAugustoLN",
        "repo": "betterfox-nix",
        "rev": "3058ad7fb45c858a412a2b7f7016dc07d3a06481",
        "type": "github"
      },
      "original": {
        "owner": "HeitorAugustoLN",
        "repo": "betterfox-nix",
        "type": "github"
      }
    },
    "catppuccin": {
      "locked": {
        "lastModified": 1730458408,
        "narHash": "sha256-JQ+SphQn13bdibKUrBBBznYehXX4xJrxD1ifBp6vSWw=",
        "owner": "catppuccin",
        "repo": "nix",
        "rev": "191fbf2d81a63fad8f62f1233c0051f09b75d0ad",
        "type": "github"
      },
      "original": {
        "owner": "catppuccin",
        "repo": "nix",
        "type": "github"
      }
    },
    "catppuccin-palette": {
      "inputs": {
        "nixpkgs": [
          "nixpkgs"
        ]
      },
      "locked": {
        "lastModified": 1728786157,
        "narHash": "sha256-Q7YGAwdSr3bxQwS5x/DEcFaBlYMb3Iw9juDl/Vfs7as=",
        "owner": "HeitorAugustoLN",
        "repo": "palette",
        "rev": "cced370248baa237ff9467fe9bb6469f6ec6a8c2",
        "type": "github"
      },
      "original": {
        "owner": "HeitorAugustoLN",
        "ref": "flake",
        "repo": "palette",
        "type": "github"
      }
    },
    "catppuccin-where-is-my-sddm-theme": {
      "inputs": {
        "nixpkgs": [
          "nixpkgs"
        ]
      },
      "locked": {
        "lastModified": 1728832510,
        "narHash": "sha256-f6d7bJoSbFzEhAIfilxNLQGtAMQWTtUTube/pTqP7AY=",
        "owner": "catppuccin",
        "repo": "where-is-my-sddm-theme",
        "rev": "82a36df79ab596b9fbe85c86d3c2f3a1e39433af",
        "type": "github"
      },
      "original": {
        "owner": "catppuccin",
        "repo": "where-is-my-sddm-theme",
        "type": "github"
      }
    },
    "disko": {
      "inputs": {
        "nixpkgs": [
          "nixpkgs"
        ]
      },
      "locked": {
        "lastModified": 1730190761,
        "narHash": "sha256-o5m5WzvY6cGIDupuOvjgNSS8AN6yP2iI9MtUC6q/uos=",
        "owner": "nix-community",
        "repo": "disko",
        "rev": "3979285062d6781525cded0f6c4ff92e71376b55",
        "type": "github"
      },
      "original": {
        "owner": "nix-community",
        "repo": "disko",
        "type": "github"
      }
    },
    "flake-parts": {
      "inputs": {
        "nixpkgs-lib": [
          "nixpkgs"
        ]
      },
      "locked": {
        "lastModified": 1727826117,
        "narHash": "sha256-K5ZLCyfO/Zj9mPFldf3iwS6oZStJcU4tSpiXTMYaaL0=",
        "owner": "hercules-ci",
        "repo": "flake-parts",
        "rev": "3d04084d54bedc3d6b8b736c70ef449225c361b1",
        "type": "github"
      },
      "original": {
        "owner": "hercules-ci",
        "repo": "flake-parts",
        "type": "github"
      }
    },
    "flake-parts_2": {
      "inputs": {
        "nixpkgs-lib": [
          "neovim",
          "neovim-nightly",
          "hercules-ci-effects",
          "nixpkgs"
        ]
      },
      "locked": {
        "lastModified": 1712014858,
        "narHash": "sha256-sB4SWl2lX95bExY2gMFG5HIzvva5AVMJd4Igm+GpZNw=",
        "owner": "hercules-ci",
        "repo": "flake-parts",
        "rev": "9126214d0a59633752a136528f5f3b9aa8565b7d",
        "type": "github"
      },
      "original": {
        "id": "flake-parts",
        "type": "indirect"
      }
    },
    "hardware": {
      "locked": {
        "lastModified": 1730368399,
        "narHash": "sha256-F8vJtG389i9fp3k2/UDYHMed3PLCJYfxCqwiVP7b9ig=",
        "owner": "nixos",
        "repo": "nixos-hardware",
        "rev": "da14839ac5f38ee6adbdb4e6db09b5eef6d6ccdc",
        "type": "github"
      },
      "original": {
        "owner": "nixos",
        "repo": "nixos-hardware",
        "type": "github"
      }
    },
    "hercules-ci-effects": {
      "inputs": {
        "flake-parts": "flake-parts_2",
        "nixpkgs": [
          "neovim",
          "neovim-nightly",
          "nixpkgs"
        ]
      },
      "locked": {
        "lastModified": 1724947644,
        "narHash": "sha256-MHHrHasTngp7EYQOObHJ1a/IsRF+wodHqOckhH6uZbk=",
        "owner": "hercules-ci",
        "repo": "hercules-ci-effects",
        "rev": "dba4367b9a9d9615456c430a6d6af716f6e84cef",
        "type": "github"
      },
      "original": {
        "owner": "hercules-ci",
        "repo": "hercules-ci-effects",
        "type": "github"
      }
    },
    "home-manager": {
      "inputs": {
        "nixpkgs": [
          "nixpkgs"
        ]
      },
      "locked": {
        "lastModified": 1730237732,
        "narHash": "sha256-ISzAT/i+8PMX40QLfkyat46irQYis46nYSm6MoIlz9s=",
        "owner": "HeitorAugustoLN",
        "repo": "home-manager",
        "rev": "10b0e3108bd53b9d90b6adabeb666109dca6a483",
        "type": "github"
      },
      "original": {
        "owner": "HeitorAugustoLN",
        "ref": "chromium-nativemessaginghosts",
        "repo": "home-manager",
        "type": "github"
      }
    },
    "neovim": {
      "inputs": {
        "flake-parts": [
          "flake-parts"
        ],
        "neovim-nightly": "neovim-nightly",
        "nixpkgs": [
          "nixpkgs"
        ],
        "nixvim": "nixvim"
      },
      "locked": {
        "lastModified": 1728790634,
        "narHash": "sha256-Bmcac0L3PGiuXwDg3TibwWMGOfQ3RPcqe9jMFEHCPOs=",
        "owner": "HeitorAugustoLN",
        "repo": "nvim-config",
        "rev": "d6686403136a7545301c0f7e7c0692ad485500b7",
        "type": "github"
      },
      "original": {
        "owner": "HeitorAugustoLN",
        "repo": "nvim-config",
        "type": "github"
      }
    },
    "neovim-nightly": {
      "inputs": {
        "flake-compat": [
          "neovim"
        ],
        "flake-parts": [
          "neovim",
          "flake-parts"
        ],
        "git-hooks": [
          "neovim"
        ],
        "hercules-ci-effects": "hercules-ci-effects",
        "neovim-src": "neovim-src",
        "nixpkgs": [
          "neovim",
          "nixpkgs"
        ]
      },
      "locked": {
        "lastModified": 1728631701,
        "narHash": "sha256-LPqpJVV8Ws4uDfzp/Huu6myMW33lmZbFGTMoZ9LyRCU=",
        "owner": "nix-community",
        "repo": "neovim-nightly-overlay",
        "rev": "a2de61747149100c904c01eb8915e1c6ecec0379",
        "type": "github"
      },
      "original": {
        "owner": "nix-community",
        "repo": "neovim-nightly-overlay",
        "type": "github"
      }
    },
    "neovim-src": {
      "flake": false,
      "locked": {
        "lastModified": 1728600525,
        "narHash": "sha256-Q2QHD23/bkNdYTbXaRLaVYy/uUx3gw08NAehTfF5ZXs=",
        "owner": "neovim",
        "repo": "neovim",
        "rev": "6f1601a1b94e6ea724d8436600c64760525d1d2b",
        "type": "github"
      },
      "original": {
        "owner": "neovim",
        "repo": "neovim",
        "type": "github"
      }
    },
    "nixpkgs": {
      "locked": {
        "lastModified": 1730200266,
        "narHash": "sha256-l253w0XMT8nWHGXuXqyiIC/bMvh1VRszGXgdpQlfhvU=",
        "owner": "NixOS",
        "repo": "nixpkgs",
        "rev": "807e9154dcb16384b1b765ebe9cd2bba2ac287fd",
        "type": "github"
      },
      "original": {
        "owner": "NixOS",
        "ref": "nixos-unstable",
        "repo": "nixpkgs",
        "type": "github"
      }
    },
    "nixpkgs-stable": {
      "locked": {
        "lastModified": 1730327045,
        "narHash": "sha256-xKel5kd1AbExymxoIfQ7pgcX6hjw9jCgbiBjiUfSVJ8=",
        "owner": "NixOS",
        "repo": "nixpkgs",
        "rev": "080166c15633801df010977d9d7474b4a6c549d7",
        "type": "github"
      },
      "original": {
        "owner": "NixOS",
        "ref": "nixos-24.05",
        "repo": "nixpkgs",
        "type": "github"
      }
    },
    "nixvim": {
      "inputs": {
        "devshell": [
          "neovim"
        ],
        "flake-compat": [
          "neovim"
        ],
        "flake-parts": [
          "neovim",
          "flake-parts"
        ],
        "git-hooks": [
          "neovim"
        ],
        "home-manager": [
          "neovim"
        ],
        "nix-darwin": [
          "neovim"
        ],
        "nixpkgs": [
          "neovim",
          "nixpkgs"
        ],
        "nuschtosSearch": [
          "neovim"
        ],
        "treefmt-nix": [
          "neovim"
        ]
      },
      "locked": {
        "lastModified": 1728736326,
        "narHash": "sha256-JYy050VI7AQyDPHjZ/48rdNFfVvdbR0wPtsRA/4nc7E=",
        "owner": "nix-community",
        "repo": "nixvim",
        "rev": "2e1b3b7d43f485866573f70411a4797ce38e27bb",
        "type": "github"
      },
      "original": {
        "owner": "nix-community",
        "repo": "nixvim",
        "type": "github"
      }
    },
    "nur": {
      "locked": {
        "lastModified": 1730472538,
        "narHash": "sha256-3m4OVGKsbPzMlnS0gVptIZBRlxgqQz+WhfwT+rT823Y=",
        "owner": "nix-community",
        "repo": "NUR",
        "rev": "52c21ec8fde46366b1a5555e18d854ee18012ac8",
        "type": "github"
      },
      "original": {
        "owner": "nix-community",
        "repo": "NUR",
        "type": "github"
      }
    },
    "plasma-manager": {
      "inputs": {
        "home-manager": [
          "home-manager"
        ],
        "nixpkgs": [
          "nixpkgs"
        ]
      },
      "locked": {
        "lastModified": 1730366788,
        "narHash": "sha256-0Ezvv4KkyFdLAblPBFDgZbiMLlJZtpHruT2i4KC2wIY=",
        "owner": "nix-community",
        "repo": "plasma-manager",
        "rev": "f634d5f6ee9be365b2ca08b2d00e0e3b0c240b9e",
        "type": "github"
      },
      "original": {
        "owner": "nix-community",
        "repo": "plasma-manager",
        "type": "github"
      }
    },
    "root": {
      "inputs": {
        "betterfox": "betterfox",
        "catppuccin": "catppuccin",
        "catppuccin-palette": "catppuccin-palette",
        "catppuccin-where-is-my-sddm-theme": "catppuccin-where-is-my-sddm-theme",
        "disko": "disko",
        "flake-parts": "flake-parts",
        "hardware": "hardware",
        "home-manager": "home-manager",
        "neovim": "neovim",
        "nixpkgs": "nixpkgs",
        "nixpkgs-stable": "nixpkgs-stable",
        "nur": "nur",
        "plasma-manager": "plasma-manager",
        "sops-nix": "sops-nix",
        "wallpapers": "wallpapers"
      }
    },
    "sops-nix": {
      "inputs": {
        "nixpkgs": [
          "nixpkgs"
        ],
        "nixpkgs-stable": [
          "nixpkgs"
        ]
      },
      "locked": {
        "lastModified": 1729999681,
        "narHash": "sha256-qm0uCtM9bg97LeJTKQ8dqV/FvqRN+ompyW4GIJruLuw=",
        "owner": "Mic92",
        "repo": "sops-nix",
        "rev": "1666d16426abe79af5c47b7c0efa82fd31bf4c56",
        "type": "github"
      },
      "original": {
        "owner": "Mic92",
        "repo": "sops-nix",
        "type": "github"
      }
    },
    "wallpapers": {
      "inputs": {
        "nixpkgs": [
          "nixpkgs"
        ]
      },
      "locked": {
        "lastModified": 1728832775,
        "narHash": "sha256-UezjLvBYkl1xsqrMv+ILTGXf8i17ASbuNiT2eZX3Q+g=",
        "owner": "HeitorAugustoLN",
        "repo": "wallpapers",
        "rev": "95b35117ad823f2e64eeda02c0f907e88dee6afe",
        "type": "github"
      },
      "original": {
        "owner": "HeitorAugustoLN",
        "repo": "wallpapers",
        "type": "github"
      }
    }
  },
  "root": "root",
  "version": 7
}
