{
  "nodes": {
    "betterfox": {
      "inputs": {
        "nixpkgs": [
          "nixpkgs"
        ]
      },
      "locked": {
        "lastModified": 1724777982,
        "narHash": "sha256-voQtFqxPYj1TrvOVS/faYIUCKBfwvJQrnuBnKwSYKY0=",
        "owner": "HeitorAugustoLN",
        "repo": "betterfox-nix",
        "rev": "c97c583be7380e0464cd5e597782b26bb4cb6400",
        "type": "github"
      },
      "original": {
        "owner": "HeitorAugustoLN",
        "repo": "betterfox-nix",
        "type": "github"
      }
    },
    "catppuccin": {
      "locked": {
        "lastModified": 1724469296,
        "narHash": "sha256-p3R4LUNk6gC+fTKRUm9ByXaoRIocnQMwVuJSIxECQ8o=",
        "owner": "catppuccin",
        "repo": "nix",
        "rev": "874e668ddaf3687e8d38ccd0188a641ffefe1cfb",
        "type": "github"
      },
      "original": {
        "owner": "catppuccin",
        "repo": "nix",
        "type": "github"
      }
    },
    "disko": {
      "inputs": {
        "nixpkgs": [
          "nixpkgs"
        ]
      },
      "locked": {
        "lastModified": 1725242307,
        "narHash": "sha256-a2iTMBngegEZvaNAzzxq5Gc5Vp3UWoGUqWtK11Txbic=",
        "owner": "nix-community",
        "repo": "disko",
        "rev": "96073e6423623d4a8027e9739d2af86d6422ea7a",
        "type": "github"
      },
      "original": {
        "owner": "nix-community",
        "repo": "disko",
        "type": "github"
      }
    },
    "flake-parts": {
      "inputs": {
        "nixpkgs-lib": [
          "nixpkgs"
        ]
      },
      "locked": {
        "lastModified": 1725234343,
        "narHash": "sha256-+ebgonl3NbiKD2UD0x4BszCZQ6sTfL4xioaM49o5B3Y=",
        "owner": "hercules-ci",
        "repo": "flake-parts",
        "rev": "567b938d64d4b4112ee253b9274472dc3a346eb6",
        "type": "github"
      },
      "original": {
        "owner": "hercules-ci",
        "repo": "flake-parts",
        "type": "github"
      }
    },
    "hardware": {
      "locked": {
        "lastModified": 1724878143,
        "narHash": "sha256-UjpKo92iZ25M05kgSOw/Ti6VZwpgdlOa73zHj8OcaDk=",
        "owner": "nixos",
        "repo": "nixos-hardware",
        "rev": "95c3dfe6ef2e96ddc1ccdd7194e3cda02ca9a8ef",
        "type": "github"
      },
      "original": {
        "owner": "nixos",
        "repo": "nixos-hardware",
        "type": "github"
      }
    },
    "home-manager": {
      "inputs": {
        "nixpkgs": [
          "nixpkgs"
        ]
      },
      "locked": {
        "lastModified": 1725540010,
        "narHash": "sha256-6qzxZmUUvLrpz6TJxtVKpYEdyEya/1Wszk47uH69Aao=",
        "owner": "HeitorAugustoLN",
        "repo": "home-manager",
        "rev": "6ab156b9f38b3ef43035e1150a63687d734b8192",
        "type": "github"
      },
      "original": {
        "owner": "HeitorAugustoLN",
        "ref": "eza-fish-abbrs",
        "repo": "home-manager",
        "type": "github"
      }
    },
    "neovim": {
      "inputs": {
        "flake-parts": [
          "flake-parts"
        ],
        "nixpkgs": [
          "nixpkgs"
        ],
        "nixvim": "nixvim"
      },
      "locked": {
        "lastModified": 1725311137,
        "narHash": "sha256-QuvR5N4ZI/yQm8rYvEmSU0zelwJKzGPYkEY4952Oyxs=",
        "owner": "HeitorAugustoLN",
        "repo": "Aria",
        "rev": "bda2d9b65943846e716d3e41101fe1e68a601b0b",
        "type": "github"
      },
      "original": {
        "owner": "HeitorAugustoLN",
        "repo": "Aria",
        "type": "github"
      }
    },
    "nixpkgs": {
      "locked": {
        "lastModified": 1725103162,
        "narHash": "sha256-Ym04C5+qovuQDYL/rKWSR+WESseQBbNAe5DsXNx5trY=",
        "owner": "NixOS",
        "repo": "nixpkgs",
        "rev": "12228ff1752d7b7624a54e9c1af4b222b3c1073b",
        "type": "github"
      },
      "original": {
        "owner": "NixOS",
        "ref": "nixos-unstable",
        "repo": "nixpkgs",
        "type": "github"
      }
    },
    "nixpkgs-stable": {
      "locked": {
        "lastModified": 1725001927,
        "narHash": "sha256-eV+63gK0Mp7ygCR0Oy4yIYSNcum2VQwnZamHxYTNi+M=",
        "owner": "nixos",
        "repo": "nixpkgs",
        "rev": "6e99f2a27d600612004fbd2c3282d614bfee6421",
        "type": "github"
      },
      "original": {
        "owner": "nixos",
        "ref": "nixos-24.05",
        "repo": "nixpkgs",
        "type": "github"
      }
    },
    "nixvim": {
      "inputs": {
        "devshell": [
          "neovim"
        ],
        "flake-compat": [
          "neovim"
        ],
        "flake-parts": [
          "neovim",
          "flake-parts"
        ],
        "git-hooks": [
          "neovim"
        ],
        "home-manager": [
          "neovim"
        ],
        "nix-darwin": [
          "neovim"
        ],
        "nixpkgs": [
          "neovim",
          "nixpkgs"
        ],
        "nuschtosSearch": [
          "neovim"
        ],
        "treefmt-nix": [
          "neovim"
        ]
      },
      "locked": {
        "lastModified": 1725201374,
        "narHash": "sha256-IXTiRv3QWyR+P6Rj4GBCJTKH23TSsgzARN222/G8GmE=",
        "owner": "nix-community",
        "repo": "nixvim",
        "rev": "e3f57964038381c6822a2c2b61ca469ccc5797d0",
        "type": "github"
      },
      "original": {
        "owner": "nix-community",
        "repo": "nixvim",
        "type": "github"
      }
    },
    "nur": {
      "locked": {
        "lastModified": 1725306339,
        "narHash": "sha256-fucZHdKy2AsujebYk6Yx1KlMgDe11uNrKOxOB+qaPCA=",
        "owner": "nix-community",
        "repo": "NUR",
        "rev": "fbbda4f8411d98ed64cab20b3e4e9acb4e33b0f9",
        "type": "github"
      },
      "original": {
        "owner": "nix-community",
        "repo": "NUR",
        "type": "github"
      }
    },
    "plasma-manager": {
      "inputs": {
        "home-manager": [
          "home-manager"
        ],
        "nixpkgs": [
          "nixpkgs"
        ]
      },
      "locked": {
        "lastModified": 1725327224,
        "narHash": "sha256-+cMfiE+zigDuChOFlhUH3yN7Yll9hr1LRBHsO09pqjY=",
        "owner": "nix-community",
        "repo": "plasma-manager",
        "rev": "3f1589c38428bd8121fd5deebd86ce4108b29d6e",
        "type": "github"
      },
      "original": {
        "owner": "nix-community",
        "repo": "plasma-manager",
        "type": "github"
      }
    },
    "root": {
      "inputs": {
        "betterfox": "betterfox",
        "catppuccin": "catppuccin",
        "disko": "disko",
        "flake-parts": "flake-parts",
        "hardware": "hardware",
        "home-manager": "home-manager",
        "neovim": "neovim",
        "nixpkgs": "nixpkgs",
        "nixpkgs-stable": "nixpkgs-stable",
        "nur": "nur",
        "plasma-manager": "plasma-manager",
        "sops-nix": "sops-nix",
        "wallpapers": "wallpapers"
      }
    },
    "sops-nix": {
      "inputs": {
        "nixpkgs": [
          "nixpkgs"
        ],
        "nixpkgs-stable": [
          "nixpkgs"
        ]
      },
      "locked": {
        "lastModified": 1725201042,
        "narHash": "sha256-lj5pxOwidP0W//E7IvyhbhXrnEUW99I07+QpERnzTS4=",
        "owner": "Mic92",
        "repo": "sops-nix",
        "rev": "5db5921e40ae382d6716dce591ea23b0a39d96f7",
        "type": "github"
      },
      "original": {
        "owner": "Mic92",
        "repo": "sops-nix",
        "type": "github"
      }
    },
    "wallpapers": {
      "inputs": {
        "nixpkgs": [
          "nixpkgs"
        ]
      },
      "locked": {
        "lastModified": 1724705700,
        "narHash": "sha256-tjfl2mdj+5LM9ZtXvQBQvTObAlPbu/rysRgC69a+EUM=",
        "owner": "HeitorAugustoLN",
        "repo": "wallpapers",
        "rev": "4e4a90bf0c971473558853516647c9a3fcfc0fee",
        "type": "github"
      },
      "original": {
        "owner": "HeitorAugustoLN",
        "repo": "wallpapers",
        "type": "github"
      }
    }
  },
  "root": "root",
  "version": 7
}
